
Microsoft Visual Studio Solution File, Format Version 12.00
Project("{FAE04EC0-301F-11D3-BF4B-00C04F79EFBC}") = "WebApp", "WebApp\WebApp.csproj", "{F6A46103-A73E-415A-A741-E948095B1BA3}"
EndProject
Project("{FAE04EC0-301F-11D3-BF4B-00C04F79EFBC}") = "DAL", "DAL\DAL.csproj", "{EBEDF291-C57A-401C-A7EC-ECA3A528CEEA}"
EndProject
Project("{FAE04EC0-301F-11D3-BF4B-00C04F79EFBC}") = "Domain", "Domain\Domain.csproj", "{73E68E47-CBF7-4035-BEA0-889744064EA8}"
EndProject
Project("{FAE04EC0-301F-11D3-BF4B-00C04F79EFBC}") = "Identity", "Identity\Identity.csproj", "{19A2FFBB-9D07-45DA-81EA-CCEFF4907F87}"
EndProject
Project("{2150E333-8FDC-42A3-9474-1A3956D46DE8}") = "Solution Items", "Solution Items", "{F98F6167-7599-4A02-B7CB-AC66FAC5C7BD}"
ProjectSection(SolutionItems) = preProject
	generate-controllers.sh = generate-controllers.sh
	.gitignore = .gitignore
EndProjectSection
EndProject
Project("{2150E333-8FDC-42A3-9474-1A3956D46DE8}") = "Kirjeldus", "Kirjeldus", "{0F828F3B-B0E4-4964-B69D-E89BA51829F5}"
ProjectSection(SolutionItems) = preProject
	..\..\..\Kennel.odt = ..\..\..\Kennel.odt
EndProjectSection
EndProject
Global
	GlobalSection(SolutionConfigurationPlatforms) = preSolution
		Debug|Any CPU = Debug|Any CPU
		Release|Any CPU = Release|Any CPU
	EndGlobalSection
	GlobalSection(ProjectConfigurationPlatforms) = postSolution
		{F6A46103-A73E-415A-A741-E948095B1BA3}.Debug|Any CPU.ActiveCfg = Debug|Any CPU
		{F6A46103-A73E-415A-A741-E948095B1BA3}.Debug|Any CPU.Build.0 = Debug|Any CPU
		{F6A46103-A73E-415A-A741-E948095B1BA3}.Release|Any CPU.ActiveCfg = Release|Any CPU
		{F6A46103-A73E-415A-A741-E948095B1BA3}.Release|Any CPU.Build.0 = Release|Any CPU
		{EBEDF291-C57A-401C-A7EC-ECA3A528CEEA}.Debug|Any CPU.ActiveCfg = Debug|Any CPU
		{EBEDF291-C57A-401C-A7EC-ECA3A528CEEA}.Debug|Any CPU.Build.0 = Debug|Any CPU
		{EBEDF291-C57A-401C-A7EC-ECA3A528CEEA}.Release|Any CPU.ActiveCfg = Release|Any CPU
		{EBEDF291-C57A-401C-A7EC-ECA3A528CEEA}.Release|Any CPU.Build.0 = Release|Any CPU
		{73E68E47-CBF7-4035-BEA0-889744064EA8}.Debug|Any CPU.ActiveCfg = Debug|Any CPU
		{73E68E47-CBF7-4035-BEA0-889744064EA8}.Debug|Any CPU.Build.0 = Debug|Any CPU
		{73E68E47-CBF7-4035-BEA0-889744064EA8}.Release|Any CPU.ActiveCfg = Release|Any CPU
		{73E68E47-CBF7-4035-BEA0-889744064EA8}.Release|Any CPU.Build.0 = Release|Any CPU
		{19A2FFBB-9D07-45DA-81EA-CCEFF4907F87}.Debug|Any CPU.ActiveCfg = Debug|Any CPU
		{19A2FFBB-9D07-45DA-81EA-CCEFF4907F87}.Debug|Any CPU.Build.0 = Debug|Any CPU
		{19A2FFBB-9D07-45DA-81EA-CCEFF4907F87}.Release|Any CPU.ActiveCfg = Release|Any CPU
		{19A2FFBB-9D07-45DA-81EA-CCEFF4907F87}.Release|Any CPU.Build.0 = Release|Any CPU
	EndGlobalSection
EndGlobal
