
Microsoft Visual Studio Solution File, Format Version 12.00
Project("{FAE04EC0-301F-11D3-BF4B-00C04F79EFBC}") = "WebApp", "WebApp\WebApp.csproj", "{F6A46103-A73E-415A-A741-E948095B1BA3}"
EndProject
Project("{FAE04EC0-301F-11D3-BF4B-00C04F79EFBC}") = "Domain", "Domain\Domain.csproj", "{73E68E47-CBF7-4035-BEA0-889744064EA8}"
EndProject
Project("{2150E333-8FDC-42A3-9474-1A3956D46DE8}") = "Solution Items", "Solution Items", "{F98F6167-7599-4A02-B7CB-AC66FAC5C7BD}"
ProjectSection(SolutionItems) = preProject
	generate-controllers.sh = generate-controllers.sh
	..\..\..\Kennel.pdf = ..\..\..\Kennel.pdf
	generate-resstcontrollers.sh = generate-resstcontrollers.sh
	NewDataBase.sh = NewDataBase.sh
	Dockerfile = Dockerfile
EndProjectSection
EndProject
Project("{FAE04EC0-301F-11D3-BF4B-00C04F79EFBC}") = "Contracts.DAL.App", "Contracts.DAL.App\Contracts.DAL.App.csproj", "{D90A660A-EDCF-4BC2-A22E-98E5CD071E3F}"
EndProject
Project("{FAE04EC0-301F-11D3-BF4B-00C04F79EFBC}") = "DAL.App.EF", "DAL.App.EF\DAL.App.EF.csproj", "{69D605D1-4BA5-4B07-816E-9820FD30D20C}"
EndProject
Project("{FAE04EC0-301F-11D3-BF4B-00C04F79EFBC}") = "DAL.App.DTO", "DAL.App.DTO\DAL.App.DTO.csproj", "{91D89B84-B6D2-4743-98A6-BBFCFF8C29A3}"
EndProject
Project("{FAE04EC0-301F-11D3-BF4B-00C04F79EFBC}") = "BLL.App", "BLL.App\BLL.App.csproj", "{91279145-F0D9-431E-A1F5-57D14BC165A1}"
EndProject
Project("{FAE04EC0-301F-11D3-BF4B-00C04F79EFBC}") = "BLL.App.DTO", "BLL.App.DTO\BLL.App.DTO.csproj", "{46607DF7-226D-4A5E-87B3-A1F647C925D2}"
EndProject
Project("{FAE04EC0-301F-11D3-BF4B-00C04F79EFBC}") = "Contracts.BLL.App", "Contracts.BLL.App\Contracts.BLL.App.csproj", "{17B375B1-BBC0-48AA-995F-DC72A8DDE2CE}"
EndProject
Project("{FAE04EC0-301F-11D3-BF4B-00C04F79EFBC}") = "Resources", "Resources\Resources.csproj", "{588A1DA8-C6BC-4DC4-9517-CCC35BB130C1}"
EndProject
Project("{FAE04EC0-301F-11D3-BF4B-00C04F79EFBC}") = "PublicApi.v1", "PublicApi.v1\PublicApi.v1.csproj", "{AA4B5656-707B-4D5D-B023-81E6FC2C39D0}"
EndProject
Project("{FAE04EC0-301F-11D3-BF4B-00C04F79EFBC}") = "PublicApi.v1.DTO", "PublicApi.v1.DTO\PublicApi.v1.DTO.csproj", "{33574664-2064-4A01-911F-7DA4AB7F03E2}"
EndProject
Global
	GlobalSection(SolutionConfigurationPlatforms) = preSolution
		Debug|Any CPU = Debug|Any CPU
		Release|Any CPU = Release|Any CPU
	EndGlobalSection
	GlobalSection(ProjectConfigurationPlatforms) = postSolution
		{F6A46103-A73E-415A-A741-E948095B1BA3}.Debug|Any CPU.ActiveCfg = Debug|Any CPU
		{F6A46103-A73E-415A-A741-E948095B1BA3}.Debug|Any CPU.Build.0 = Debug|Any CPU
		{F6A46103-A73E-415A-A741-E948095B1BA3}.Release|Any CPU.ActiveCfg = Release|Any CPU
		{F6A46103-A73E-415A-A741-E948095B1BA3}.Release|Any CPU.Build.0 = Release|Any CPU
		{73E68E47-CBF7-4035-BEA0-889744064EA8}.Debug|Any CPU.ActiveCfg = Debug|Any CPU
		{73E68E47-CBF7-4035-BEA0-889744064EA8}.Debug|Any CPU.Build.0 = Debug|Any CPU
		{73E68E47-CBF7-4035-BEA0-889744064EA8}.Release|Any CPU.ActiveCfg = Release|Any CPU
		{73E68E47-CBF7-4035-BEA0-889744064EA8}.Release|Any CPU.Build.0 = Release|Any CPU
		{D90A660A-EDCF-4BC2-A22E-98E5CD071E3F}.Debug|Any CPU.ActiveCfg = Debug|Any CPU
		{D90A660A-EDCF-4BC2-A22E-98E5CD071E3F}.Debug|Any CPU.Build.0 = Debug|Any CPU
		{D90A660A-EDCF-4BC2-A22E-98E5CD071E3F}.Release|Any CPU.ActiveCfg = Release|Any CPU
		{D90A660A-EDCF-4BC2-A22E-98E5CD071E3F}.Release|Any CPU.Build.0 = Release|Any CPU
		{69D605D1-4BA5-4B07-816E-9820FD30D20C}.Debug|Any CPU.ActiveCfg = Debug|Any CPU
		{69D605D1-4BA5-4B07-816E-9820FD30D20C}.Debug|Any CPU.Build.0 = Debug|Any CPU
		{69D605D1-4BA5-4B07-816E-9820FD30D20C}.Release|Any CPU.ActiveCfg = Release|Any CPU
		{69D605D1-4BA5-4B07-816E-9820FD30D20C}.Release|Any CPU.Build.0 = Release|Any CPU
		{91D89B84-B6D2-4743-98A6-BBFCFF8C29A3}.Debug|Any CPU.ActiveCfg = Debug|Any CPU
		{91D89B84-B6D2-4743-98A6-BBFCFF8C29A3}.Debug|Any CPU.Build.0 = Debug|Any CPU
		{91D89B84-B6D2-4743-98A6-BBFCFF8C29A3}.Release|Any CPU.ActiveCfg = Release|Any CPU
		{91D89B84-B6D2-4743-98A6-BBFCFF8C29A3}.Release|Any CPU.Build.0 = Release|Any CPU
		{91279145-F0D9-431E-A1F5-57D14BC165A1}.Debug|Any CPU.ActiveCfg = Debug|Any CPU
		{91279145-F0D9-431E-A1F5-57D14BC165A1}.Debug|Any CPU.Build.0 = Debug|Any CPU
		{91279145-F0D9-431E-A1F5-57D14BC165A1}.Release|Any CPU.ActiveCfg = Release|Any CPU
		{91279145-F0D9-431E-A1F5-57D14BC165A1}.Release|Any CPU.Build.0 = Release|Any CPU
		{46607DF7-226D-4A5E-87B3-A1F647C925D2}.Debug|Any CPU.ActiveCfg = Debug|Any CPU
		{46607DF7-226D-4A5E-87B3-A1F647C925D2}.Debug|Any CPU.Build.0 = Debug|Any CPU
		{46607DF7-226D-4A5E-87B3-A1F647C925D2}.Release|Any CPU.ActiveCfg = Release|Any CPU
		{46607DF7-226D-4A5E-87B3-A1F647C925D2}.Release|Any CPU.Build.0 = Release|Any CPU
		{17B375B1-BBC0-48AA-995F-DC72A8DDE2CE}.Debug|Any CPU.ActiveCfg = Debug|Any CPU
		{17B375B1-BBC0-48AA-995F-DC72A8DDE2CE}.Debug|Any CPU.Build.0 = Debug|Any CPU
		{17B375B1-BBC0-48AA-995F-DC72A8DDE2CE}.Release|Any CPU.ActiveCfg = Release|Any CPU
		{17B375B1-BBC0-48AA-995F-DC72A8DDE2CE}.Release|Any CPU.Build.0 = Release|Any CPU
		{588A1DA8-C6BC-4DC4-9517-CCC35BB130C1}.Debug|Any CPU.ActiveCfg = Debug|Any CPU
		{588A1DA8-C6BC-4DC4-9517-CCC35BB130C1}.Debug|Any CPU.Build.0 = Debug|Any CPU
		{588A1DA8-C6BC-4DC4-9517-CCC35BB130C1}.Release|Any CPU.ActiveCfg = Release|Any CPU
		{588A1DA8-C6BC-4DC4-9517-CCC35BB130C1}.Release|Any CPU.Build.0 = Release|Any CPU
		{AA4B5656-707B-4D5D-B023-81E6FC2C39D0}.Debug|Any CPU.ActiveCfg = Debug|Any CPU
		{AA4B5656-707B-4D5D-B023-81E6FC2C39D0}.Debug|Any CPU.Build.0 = Debug|Any CPU
		{AA4B5656-707B-4D5D-B023-81E6FC2C39D0}.Release|Any CPU.ActiveCfg = Release|Any CPU
		{AA4B5656-707B-4D5D-B023-81E6FC2C39D0}.Release|Any CPU.Build.0 = Release|Any CPU
		{33574664-2064-4A01-911F-7DA4AB7F03E2}.Debug|Any CPU.ActiveCfg = Debug|Any CPU
		{33574664-2064-4A01-911F-7DA4AB7F03E2}.Debug|Any CPU.Build.0 = Debug|Any CPU
		{33574664-2064-4A01-911F-7DA4AB7F03E2}.Release|Any CPU.ActiveCfg = Release|Any CPU
		{33574664-2064-4A01-911F-7DA4AB7F03E2}.Release|Any CPU.Build.0 = Release|Any CPU
	EndGlobalSection
EndGlobal
